<Solution>
  <Project Path="SmartShip.AdminService/SmartShip.AdminService.csproj" />
  <Project Path="SmartShip.ApiGateway/SmartShip.ApiGateway.csproj" />
  <Project Path="SmartShip.IdentityService/SmartShip.IdentityService.csproj" />
  <Project Path="SmartShip.ShipmentService/SmartShip.ShipmentService.csproj" />
  <Project Path="SmartShip.TrackingService/SmartShip.TrackingService.csproj" />
</Solution>
